
Microsoft Visual Studio Solution File, Format Version 12.00
# Visual Studio Version 17
VisualStudioVersion = 17.8.34408.163
MinimumVisualStudioVersion = 10.0.40219.1
Project("{FAE04EC0-301F-11D3-BF4B-00C04F79EFBC}") = "Week11.Threads", "Week11.Threads\Week11.Threads.csproj", "{4DA01974-9A19-4C9C-A460-CDA56098B2C7}"
EndProject
Global
	GlobalSection(SolutionConfigurationPlatforms) = preSolution
		Debug|Any CPU = Debug|Any CPU
		Release|Any CPU = Release|Any CPU
	EndGlobalSection
	GlobalSection(ProjectConfigurationPlatforms) = postSolution
		{4DA01974-9A19-4C9C-A460-CDA56098B2C7}.Debug|Any CPU.ActiveCfg = Debug|Any CPU
		{4DA01974-9A19-4C9C-A460-CDA56098B2C7}.Debug|Any CPU.Build.0 = Debug|Any CPU
		{4DA01974-9A19-4C9C-A460-CDA56098B2C7}.Release|Any CPU.ActiveCfg = Release|Any CPU
		{4DA01974-9A19-4C9C-A460-CDA56098B2C7}.Release|Any CPU.Build.0 = Release|Any CPU
	EndGlobalSection
	GlobalSection(SolutionProperties) = preSolution
		HideSolutionNode = FALSE
	EndGlobalSection
	GlobalSection(ExtensibilityGlobals) = postSolution
		SolutionGuid = {265490C3-ABEC-4005-8A80-D93EDA224DE1}
	EndGlobalSection
EndGlobal
